{
  "version": 4,
  "terraform_version": "1.4.6",
  "serial": 19,
  "lineage": "fde4e45d-af4f-d6b5-70b8-ce1eb3aee0bc",
  "outputs": {
    "private": {
      "value": "-----BEGIN RSA PRIVATE KEY-----\nMIIJKQIBAAKCAgEAxzAqFi2Vxf+E91X/pRfgo3TujAqxuUCqLJtAYHXF+i1JRXWt\n81MWWb8oEFy975eXd/WcubDKHOHZM23tzDofF8VK20VYJBhjCJK1/YzZSPgdSHgu\ncST6IlWvWvZEkdz1doWUiO05SpopM5NzwdeOqvs+tDgF7Ch1DvUZY4atGdbOCAPg\nWpj6az53GjhlZHggBV7AmIA4/7+jK2L+WKHXRDsmuzA2Fk2LiSuNqU/Xv+YmR/tq\nqZnnlP04ow8Un61EFXb9N8AgBnCYSuZoihl8gtEYatcXjzINFJqkQZ65EzOE5eQT\naNAI5eNuh5JkOZdPIcY4mxOfV32mEBFSmnmG8V3w6KSlOTAYEPQgkw1moSUHoC/5\nniQ+H9QYWx9dvc9qceygML7jzv+pcufSb7Rvu3RclBUIpWAxzPMUFj+Yirgd+ZOZ\n+qxPzIfA0oWUsgM1U3ltDihPn4kqwz4Hlhu3xm3O/rwkTKn29dgfJdOM5Nwlktkd\n50BMDsqwgQSliDOl2fuWh7nMtgy+2riiGgqGJUz9K7tEuvAYcIYpK8frTTp/ROsG\nYXAPeVIUFazS5u1Ic0j0z/e66G2zdKDg5tDcTarAKfENJvUs+zMSZG6NRPXSAp2p\n0f1OC5eagb81sCzeaPCSkMbZRx+Em0McPayvw+HVZCBt+ZSOtVMIUwXyezUCAwEA\nAQKCAgBI/5vM+PPU1moSgw/nnzKSdP4fkKPFcq9rHZKgR0lBAGvD6vbPH/om9elm\n5bYuIm4+ZmMDoojPwO1q7bSijgJrIcDnTyiYQd+5epr7yyyuk0+YCYNrr9OD1cco\nHOzQUBwdTaM780R11L2Yy0c3GRqOCvnV7lotTD5qNuURFoBF4fUr9s+4JCxSNVhM\n4bI2+dcyYKFQwl0hTUgtVGBGdzl/JfZxz59i2RR0NuP50usMxvnsk3Vppp+6eHrT\nN2mlg0haXXs7fUu/UHBfssVJJ0H8Z0j9jspxjjRBAtODwPmu0ci4v7dlSCiap5kQ\nUlQszwkPJagFHVHeLIw5gz+0oSkUkjahB2jfqjs6bVKL+rSIul9Z7do+JjVNoz+W\n1qk+VYKJ9gSIdt1jyywEECadQ9L92ETcfMxICL5zYEmyanIW5ehhlgibiwU3IDOT\n0K/64FxRrBLjG0O7lhtIvIF/JigscEC9YWRwQgBQ9md/6zxjM+bvOWQLaDoSPHsT\nt1sNCk4ZnXV2qbTYyatZto6Gek1PaDcJ4dlIpuqhdqZS9gi/heRCXjB4a7DC/ZMT\n+6pXslPHXe7dlw/a6ZaaHgzge8tRvmAtb332K9X3JzOz8XmpD0GlfEt6RnV1Y1tW\nhOtSYwSs/688GvO7VRYugsuhJhW4WO+ZOS+JXGCLwnylCF4/wQKCAQEA1FMBRkR0\nNcDQYPJtCtSbXApkbYtv9ap06ZjGlADxQR+4PcI99FUH2e5WcA4qxg0HOZcYeM2w\n+MxQBN0lEJvWW+xZWSryH5h1Y16WXledTj9LWt9xBScHx0R+LCMwKtC4k9C8MsN1\nb7onwZz/GKLFGcUTuVhps7HqhgcHwWdjLOpEn3rYroyO5Pqx0zOfgc2Z/7pVlb+s\nMm2MvKf3383E6zYD75QvpNeLcfbePecRwJ2ETpER6IQc479AboC0QeriJKeTEKg0\n+r7tiEMDRokegSSSNXF2g/zyg//sfXzs08zqg8ee02nYuNfmEjhNMZUovyf/zTyE\n1HLdKp0nVNMWrQKCAQEA8ClpngLl0O7arBGMTHNqvAGOwaPLIwHhRPTCwfoGchnf\nIbg2KRSUcuFiTTs57UDFNMCdS5mS0s8zDtyBplD1KjZdHei3ogv3/NqXr+gCDPJC\nGSzc9bjsaQod2SSWoi9QRZcxx6B6C3CYjWlgiPGEOY+No0O+m1v5sQv1LQAmSneU\n+xTW8AMjL0+lTiPK/4vH5Aiuh4u5fZ3W60uCLh/nRYvjm4JTQqWe+fM0a2v07iDS\nWhoeDV2HaiHeaKkTaBVom0lNL52yEi0L18JdHWIRmP6md/EsMVS5OaBRl70pbt1Z\n9+23SJmNIcg7lh/9repL2WkBECRcg3Y/8OdpzMHvqQKCAQEAnMnKuCPWmNcQSXbb\ndNL5Aqed75K3E3dTLCioAyULAmc0+04Tx/h+erzYUZj0lxmJy0o7RQHHfIILWPwg\n4bniOjE27XScJR7FGKMBcRtLyztMHwe/AuoGgWyfq2I0sHk+w9CxGN9jOiUCNKQF\ncCDKYbQ5U3XpYEuyflR0sqnw/3rjP81McuDSqF5DsE1/rS+xV7k2eAV5WCezdKCo\nlzjxACv8Dg+kexq8G2UMSjP21QC8cfQIgGYGm1tgbflWoxKa+ixQmk1MChmxeBzc\nL1sUDpN98D8gIGlKgJUdArGchO7eAoAHVeDkq+KqP6wZvNKDq10TNXBKOkOz9ELm\nh2n1ZQKCAQEAx1A3PVH+VPXGOYOewlwPOtS4G3DKR9VplYbkk4PjEZLzIdL18AYK\nZYUzxhDfNE3K3Mr2QCXGOnqHT1AlsVgC//N6ODZJII16VDk+JlkQSppLzQT0pGHC\nojIpL2s0MIm/vuGKCLjgUNozYTkRStXV/MdsrxCsAdfFU/AunBhBrw+rbu2OrEaO\nTtd0w3LlKExjqpah8hA980ipc0GJWqpTj95XGVqBqxA07g+vc293KKHIscp3InR6\ny9Qr9wRK/Ni3phihnGDtxjPoXjoKeTZIkIbWtThMiuxbhL3OuXXeCwpdfmuk7vWw\nsVayTRdju5B1Povsu+7RcLEUw+PqZGqXcQKCAQA3ATKKzQTz4CIYdkuYqDcP+Ifb\nI7HdLeLV6UG7f6PtmntPu29PxL5ZgWQufTlLjHFaF4EeiAQ/gkz6YG/u9+GggHtR\naWqTSFRkwotLGyW0jw40Vnup8CUNBUsgy1bc3LfKj1ZxeEGGZ+9lpP3n/S6ej1bD\nvDOvBorIQEAkp3MKHmAl6w/JQCoArxOh21Jl8kMMxt1i96/QI+Nv/7dp/GZ0uFoR\nIcg4GOtAEeZNM1TCuoljfhD2yEMjdxuZxv46CWvgZYVgaJRFlgczzqe79UxwIQh0\n/XwJqVxZq/6aCb4bgLHnWi8JQSdbFO24RCPHx2ohF9Az4l74KLJONWOI5Iao\n-----END RSA PRIVATE KEY-----\n",
      "type": "string",
      "sensitive": true
    }
  },
  "resources": [
    {
      "mode": "data",
      "type": "aws_acm_certificate",
      "name": "cert",
      "provider": "provider[\"registry.terraform.io/hashicorp/aws\"]",
      "instances": [
        {
          "schema_version": 0,
          "attributes": {
            "arn": "arn:aws:acm:us-east-1:851725425827:certificate/8cd5e3ee-fede-420a-80eb-d85935356b2b",
            "certificate": "-----BEGIN CERTIFICATE-----\nMIIF0DCCBLigAwIBAgIQDWxtZPgYAJVj4OsKqRZcjjANBgkqhkiG9w0BAQsFADA8\nMQswCQYDVQQGEwJVUzEPMA0GA1UEChMGQW1hem9uMRwwGgYDVQQDExNBbWF6b24g\nUlNBIDIwNDggTTAyMB4XDTI0MDkwMjAwMDAwMFoXDTI1MTAwMTIzNTk1OVowHTEb\nMBkGA1UEAwwSKi55dXN1ZnNhaGluLmNsaWNrMIIBIjANBgkqhkiG9w0BAQEFAAOC\nAQ8AMIIBCgKCAQEAqgeqlJUtL3/axvQ52zZe0O4iAupmvcSPdeh4H/GQmZl3z483\nhx9bgj9CX4IQb9aMYNlwMMCaPIWkkjKsiK3yljNZPhWCOnrrEJae7N1vyO4avbNy\nINQOcgpK1ADBepa4kij7NRsT9oGAmnyiz6Xa13GoKIJ5H1ZsBFg4oC2uYeupCEBD\npsl/DJOfc314zz54fMwVaLxUZnO+KSBdOkiEcqPH06N3noHNStxFfLlayHKg1wLZ\ny9a1pYBhVOz5L7KzqIwk8gmJVeoYe5/vnOKh+Ss6Z9u/fgfulY8nm90M+s3cDJYQ\nJQzjrLTdPUk1GcCyqH12qls2R6TDHHOUk1oAawIDAQABo4IC6zCCAucwHwYDVR0j\nBBgwFoAUwDFSzVpQw4J8dHHOy+mc+XrrguIwHQYDVR0OBBYEFMjh2Sv4r8IsM44r\n5851nMfFO/5PMB0GA1UdEQQWMBSCEioueXVzdWZzYWhpbi5jbGljazATBgNVHSAE\nDDAKMAgGBmeBDAECATAOBgNVHQ8BAf8EBAMCBaAwHQYDVR0lBBYwFAYIKwYBBQUH\nAwEGCCsGAQUFBwMCMDsGA1UdHwQ0MDIwMKAuoCyGKmh0dHA6Ly9jcmwucjJtMDIu\nYW1hem9udHJ1c3QuY29tL3IybTAyLmNybDB1BggrBgEFBQcBAQRpMGcwLQYIKwYB\nBQUHMAGGIWh0dHA6Ly9vY3NwLnIybTAyLmFtYXpvbnRydXN0LmNvbTA2BggrBgEF\nBQcwAoYqaHR0cDovL2NydC5yMm0wMi5hbWF6b250cnVzdC5jb20vcjJtMDIuY2Vy\nMAwGA1UdEwEB/wQCMAAwggF+BgorBgEEAdZ5AgQCBIIBbgSCAWoBaAB2ABLxTjS9\nU3JMhAYZw48/ehP457Vih4icbTAFhOvlhiY6AAABkbKG2pgAAAQDAEcwRQIhAIFT\nizyrIUZkKd1U7HuSD1jb0IGJKXPYCr5DPSxebhjiAiATM3U79oIfeLzwGK0W7T1H\nMLvh9AW1/XGRwKLZObjKzQB3AH1ZHhLheCp7HGFnfF79+NCHXBSgTpWeuQMv2Q6M\nLnm4AAABkbKG2rwAAAQDAEgwRgIhAKJPujlgT8WXVnCRGh4fOKA8YkC7TVfqZTr9\nFJCJZrymAiEA4ywqVXg4cu+A+LxT/9Y9DeX0RDSUkwWjEY6+U4XKTv4AdQDm0jFj\nQHeMwRBBBtdxuc7B0kD2loSG+7qHMh39HjeOUAAAAZGyhtqzAAAEAwBGMEQCIHka\norliYqGUb+cyDaspl8ZVwO4i9vahFr84ohzpUU9eAiAdPncEjVVCKjwb/qdNF3BX\n6cYgpORfSZgqNv51mM+tCTANBgkqhkiG9w0BAQsFAAOCAQEAmRgDyoGx+vYVsY7L\n95k5IChM3VYet7iYyf5VhNkIIe323ubN/OUsdEOukhl5+b2w34hLw6Fowlmjw9bf\ndrLMcpN6aUpKxsFipklTz4pJ6FTwSpZ2mME9yIZ/JuWg44CkUwytX+ThI4uJ6Zos\n7jgbss5GlCglH7CYObW6zCBw+Auv6AGYJ5qYUCJc2bjLsUninbj/Q1qfl8ovALWO\nwq+BCSJYUlR6j5FpaJ5RtEKD1HgmUOc3wFi4H299F1fRuCMDSaWJKFWhdn8eZrMJ\n8gltlAVz3S0n1Soefa0hMlhXyrYyQ710s/LhXjCxJ1VJGIyH6dJgw/44FwC4FvrN\niSzRqQ==\n-----END CERTIFICATE-----\n",
            "certificate_chain": "-----BEGIN CERTIFICATE-----\nMIIEXjCCA0agAwIBAgITB3MSSkvL1E7HtTvq8ZSELToPoTANBgkqhkiG9w0BAQsF\nADA5MQswCQYDVQQGEwJVUzEPMA0GA1UEChMGQW1hem9uMRkwFwYDVQQDExBBbWF6\nb24gUm9vdCBDQSAxMB4XDTIyMDgyMzIyMjUzMFoXDTMwMDgyMzIyMjUzMFowPDEL\nMAkGA1UEBhMCVVMxDzANBgNVBAoTBkFtYXpvbjEcMBoGA1UEAxMTQW1hem9uIFJT\nQSAyMDQ4IE0wMjCCASIwDQYJKoZIhvcNAQEBBQADggEPADCCAQoCggEBALtDGMZa\nqHneKei1by6+pUPPLljTB143Si6VpEWPc6mSkFhZb/6qrkZyoHlQLbDYnI2D7hD0\nsdzEqfnuAjIsuXQLG3A8TvX6V3oFNBFVe8NlLJHvBseKY88saLwufxkZVwk74g4n\nWlNMXzla9Y5F3wwRHwMVH443xGz6UtGSZSqQ94eFx5X7Tlqt8whi8qCaKdZ5rNak\n+r9nUThOeClqFd4oXych//Rc7Y0eX1KNWHYSI1Nk31mYgiK3JvH063g+K9tHA63Z\neTgKgndlh+WI+zv7i44HepRZjA1FYwYZ9Vv/9UkC5Yz8/yU65fgjaE+wVHM4e/Yy\nC2osrPWE7gJ+dXMCAwEAAaOCAVowggFWMBIGA1UdEwEB/wQIMAYBAf8CAQAwDgYD\nVR0PAQH/BAQDAgGGMB0GA1UdJQQWMBQGCCsGAQUFBwMBBggrBgEFBQcDAjAdBgNV\nHQ4EFgQUwDFSzVpQw4J8dHHOy+mc+XrrguIwHwYDVR0jBBgwFoAUhBjMhTTsvAyU\nlC4IWZzHshBOCggwewYIKwYBBQUHAQEEbzBtMC8GCCsGAQUFBzABhiNodHRwOi8v\nb2NzcC5yb290Y2ExLmFtYXpvbnRydXN0LmNvbTA6BggrBgEFBQcwAoYuaHR0cDov\nL2NydC5yb290Y2ExLmFtYXpvbnRydXN0LmNvbS9yb290Y2ExLmNlcjA/BgNVHR8E\nODA2MDSgMqAwhi5odHRwOi8vY3JsLnJvb3RjYTEuYW1hem9udHJ1c3QuY29tL3Jv\nb3RjYTEuY3JsMBMGA1UdIAQMMAowCAYGZ4EMAQIBMA0GCSqGSIb3DQEBCwUAA4IB\nAQAtTi6Fs0Azfi+iwm7jrz+CSxHH+uHl7Law3MQSXVtR8RV53PtR6r/6gNpqlzdo\nZq4FKbADi1v9Bun8RY8D51uedRfjsbeodizeBB8nXmeyD33Ep7VATj4ozcd31YFV\nfgRhvTSxNrrTlNpWkUk0m3BMPv8sg381HhA6uEYokE5q9uws/3YkKqRiEz3TsaWm\nJqIRZhMbgAfp7O7FUwFIb7UIspogZSKxPIWJpxiPo3TcBambbVtQOcNRWz5qCQdD\nslI2yayq0n2TXoHyNCLEH8rpsJRVILFsg0jc7BaFrMnF462+ajSehgj12IidNeRN\n4zl+EoNaWdpnWndvSpAEkq2P\n-----END CERTIFICATE-----\n-----BEGIN CERTIFICATE-----\nMIIEkjCCA3qgAwIBAgITBn+USionzfP6wq4rAfkI7rnExjANBgkqhkiG9w0BAQsF\nADCBmDELMAkGA1UEBhMCVVMxEDAOBgNVBAgTB0FyaXpvbmExEzARBgNVBAcTClNj\nb3R0c2RhbGUxJTAjBgNVBAoTHFN0YXJmaWVsZCBUZWNobm9sb2dpZXMsIEluYy4x\nOzA5BgNVBAMTMlN0YXJmaWVsZCBTZXJ2aWNlcyBSb290IENlcnRpZmljYXRlIEF1\ndGhvcml0eSAtIEcyMB4XDTE1MDUyNTEyMDAwMFoXDTM3MTIzMTAxMDAwMFowOTEL\nMAkGA1UEBhMCVVMxDzANBgNVBAoTBkFtYXpvbjEZMBcGA1UEAxMQQW1hem9uIFJv\nb3QgQ0EgMTCCASIwDQYJKoZIhvcNAQEBBQADggEPADCCAQoCggEBALJ4gHHKeNXj\nca9HgFB0fW7Y14h29Jlo91ghYPl0hAEvrAIthtOgQ3pOsqTQNroBvo3bSMgHFzZM\n9O6II8c+6zf1tRn4SWiw3te5djgdYZ6k/oI2peVKVuRF4fn9tBb6dNqcmzU5L/qw\nIFAGbHrQgLKm+a/sRxmPUDgH3KKHOVj4utWp+UhnMJbulHheb4mjUcAwhmahRWa6\nVOujw5H5SNz/0egwLX0tdHA114gk957EWW67c4cX8jJGKLhD+rcdqsq08p8kDi1L\n93FcXmn/6pUCyziKrlA4b9v7LWIbxcceVOF34GfID5yHI9Y/QCB/IIDEgEw+OyQm\njgSubJrIqg0CAwEAAaOCATEwggEtMA8GA1UdEwEB/wQFMAMBAf8wDgYDVR0PAQH/\nBAQDAgGGMB0GA1UdDgQWBBSEGMyFNOy8DJSULghZnMeyEE4KCDAfBgNVHSMEGDAW\ngBScXwDfqgHXMCs4iKK4bUqc8hGRgzB4BggrBgEFBQcBAQRsMGowLgYIKwYBBQUH\nMAGGImh0dHA6Ly9vY3NwLnJvb3RnMi5hbWF6b250cnVzdC5jb20wOAYIKwYBBQUH\nMAKGLGh0dHA6Ly9jcnQucm9vdGcyLmFtYXpvbnRydXN0LmNvbS9yb290ZzIuY2Vy\nMD0GA1UdHwQ2MDQwMqAwoC6GLGh0dHA6Ly9jcmwucm9vdGcyLmFtYXpvbnRydXN0\nLmNvbS9yb290ZzIuY3JsMBEGA1UdIAQKMAgwBgYEVR0gADANBgkqhkiG9w0BAQsF\nAAOCAQEAYjdCXLwQtT6LLOkMm2xF4gcAevnFWAu5CIw+7bMlPLVvUOTNNWqnkzSW\nMiGpSESrnO09tKpzbeR/FoCJbM8oAxiDR3mjEH4wW6w7sGDgd9QIpuEdfF7Au/ma\neyKdpwAJfqxGF4PcnCZXmTA5YpaP7dreqsXMGz7KQ2hsVxa81Q4gLv7/wmpdLqBK\nbRRYh5TmOTFffHPLkIhqhBGWJ6bt2YFGpn6jcgAKUj6DiAdjd4lpFw85hdKrCEVN\n0FE6/V1dN2RMfjCyVSRCnTawXZwXgWHxyvkQAiSr6w10kY17RSlQOYiypok1JR4U\nakcjMS9cmvqtmg5iUaQqqcT5NJ0hGA==\n-----END CERTIFICATE-----\n",
            "domain": "*.yusufsahin.click",
            "id": "arn:aws:acm:us-east-1:851725425827:certificate/8cd5e3ee-fede-420a-80eb-d85935356b2b",
            "key_types": null,
            "most_recent": true,
            "status": "ISSUED",
            "statuses": [
              "ISSUED"
            ],
            "tags": {},
            "types": null
          },
          "sensitive_attributes": []
        }
      ]
    },
    {
      "mode": "data",
      "type": "aws_route53_zone",
      "name": "dns",
      "provider": "provider[\"registry.terraform.io/hashicorp/aws\"]",
      "instances": [
        {
          "schema_version": 0,
          "attributes": {
            "arn": "arn:aws:route53:::hostedzone/Z08764392DATGNNXGDKQF",
            "caller_reference": "RISWorkflow-RD:13eb6b82-f910-4d48-b903-95b23a2c1697",
            "comment": "HostedZone created by Route53 Registrar",
            "id": "Z08764392DATGNNXGDKQF",
            "linked_service_description": null,
            "linked_service_principal": null,
            "name": "yusufsahin.click",
            "name_servers": [
              "ns-218.awsdns-27.com",
              "ns-676.awsdns-20.net",
              "ns-1571.awsdns-04.co.uk",
              "ns-1232.awsdns-26.org"
            ],
            "primary_name_server": "ns-218.awsdns-27.com",
            "private_zone": false,
            "resource_record_set_count": 3,
            "tags": {},
            "vpc_id": null,
            "zone_id": "Z08764392DATGNNXGDKQF"
          },
          "sensitive_attributes": []
        }
      ]
    },
    {
      "mode": "data",
      "type": "aws_vpc",
      "name": "selected",
      "provider": "provider[\"registry.terraform.io/hashicorp/aws\"]",
      "instances": [
        {
          "schema_version": 0,
          "attributes": {
            "arn": "arn:aws:ec2:us-east-1:851725425827:vpc/vpc-0c1afcd66dcda0546",
            "cidr_block": "172.31.0.0/16",
            "cidr_block_associations": [
              {
                "association_id": "vpc-cidr-assoc-009016edfaed21ccb",
                "cidr_block": "172.31.0.0/16",
                "state": "associated"
              }
            ],
            "default": true,
            "dhcp_options_id": "dopt-06eb61d93386ed545",
            "enable_dns_hostnames": true,
            "enable_dns_support": true,
            "enable_network_address_usage_metrics": false,
            "filter": null,
            "id": "vpc-0c1afcd66dcda0546",
            "instance_tenancy": "default",
            "ipv6_association_id": "",
            "ipv6_cidr_block": "",
            "main_route_table_id": "rtb-00a220ea1f11f8f55",
            "owner_id": "851725425827",
            "state": null,
            "tags": {},
            "timeouts": null
          },
          "sensitive_attributes": []
        }
      ]
    },
    {
      "mode": "managed",
      "type": "aws_alb_listener",
      "name": "rancher-listener1",
      "provider": "provider[\"registry.terraform.io/hashicorp/aws\"]",
      "instances": [
        {
          "schema_version": 0,
          "attributes": {
            "alpn_policy": null,
            "arn": "arn:aws:elasticloadbalancing:us-east-1:851725425827:listener/app/petclinic-rancher-alb/3af7edb63bb3d152/9995937c5ff50393",
            "certificate_arn": "arn:aws:acm:us-east-1:851725425827:certificate/8cd5e3ee-fede-420a-80eb-d85935356b2b",
            "default_action": [
              {
                "authenticate_cognito": [],
                "authenticate_oidc": [],
                "fixed_response": [],
                "forward": [],
                "order": 1,
                "redirect": [],
                "target_group_arn": "arn:aws:elasticloadbalancing:us-east-1:851725425827:targetgroup/clarus-rancher-http-80-tg/9b90001af5ce1e9d",
                "type": "forward"
              }
            ],
            "id": "arn:aws:elasticloadbalancing:us-east-1:851725425827:listener/app/petclinic-rancher-alb/3af7edb63bb3d152/9995937c5ff50393",
            "load_balancer_arn": "arn:aws:elasticloadbalancing:us-east-1:851725425827:loadbalancer/app/petclinic-rancher-alb/3af7edb63bb3d152",
            "port": 443,
            "protocol": "HTTPS",
            "ssl_policy": "ELBSecurityPolicy-2016-08",
            "tags": null,
            "tags_all": {},
            "timeouts": null
          },
          "sensitive_attributes": [],
          "private": "eyJlMmJmYjczMC1lY2FhLTExZTYtOGY4OC0zNDM2M2JjN2M0YzAiOnsicmVhZCI6NjAwMDAwMDAwMDAwfX0=",
          "dependencies": [
            "aws_alb_target_group.rancher-tg",
            "aws_lb.rancher-alb",
            "aws_security_group.rancher-alb",
            "data.aws_acm_certificate.cert"
          ]
        }
      ]
    },
    {
      "mode": "managed",
      "type": "aws_alb_listener",
      "name": "rancher-listener2",
      "provider": "provider[\"registry.terraform.io/hashicorp/aws\"]",
      "instances": [
        {
          "schema_version": 0,
          "attributes": {
            "alpn_policy": null,
            "arn": "arn:aws:elasticloadbalancing:us-east-1:851725425827:listener/app/petclinic-rancher-alb/3af7edb63bb3d152/29434ce30c7df792",
            "certificate_arn": null,
            "default_action": [
              {
                "authenticate_cognito": [],
                "authenticate_oidc": [],
                "fixed_response": [],
                "forward": [],
                "order": 1,
                "redirect": [
                  {
                    "host": "#{host}",
                    "path": "/#{path}",
                    "port": "443",
                    "protocol": "HTTPS",
                    "query": "#{query}",
                    "status_code": "HTTP_301"
                  }
                ],
                "target_group_arn": "",
                "type": "redirect"
              }
            ],
            "id": "arn:aws:elasticloadbalancing:us-east-1:851725425827:listener/app/petclinic-rancher-alb/3af7edb63bb3d152/29434ce30c7df792",
            "load_balancer_arn": "arn:aws:elasticloadbalancing:us-east-1:851725425827:loadbalancer/app/petclinic-rancher-alb/3af7edb63bb3d152",
            "port": 80,
            "protocol": "HTTP",
            "ssl_policy": "",
            "tags": null,
            "tags_all": {},
            "timeouts": null
          },
          "sensitive_attributes": [],
          "private": "eyJlMmJmYjczMC1lY2FhLTExZTYtOGY4OC0zNDM2M2JjN2M0YzAiOnsicmVhZCI6NjAwMDAwMDAwMDAwfX0=",
          "dependencies": [
            "aws_lb.rancher-alb",
            "aws_security_group.rancher-alb"
          ]
        }
      ]
    },
    {
      "mode": "managed",
      "type": "aws_alb_target_group",
      "name": "rancher-tg",
      "provider": "provider[\"registry.terraform.io/hashicorp/aws\"]",
      "instances": [
        {
          "schema_version": 0,
          "attributes": {
            "arn": "arn:aws:elasticloadbalancing:us-east-1:851725425827:targetgroup/clarus-rancher-http-80-tg/9b90001af5ce1e9d",
            "arn_suffix": "targetgroup/clarus-rancher-http-80-tg/9b90001af5ce1e9d",
            "connection_termination": false,
            "deregistration_delay": "300",
            "health_check": [
              {
                "enabled": true,
                "healthy_threshold": 3,
                "interval": 10,
                "matcher": "200",
                "path": "/healthz",
                "port": "traffic-port",
                "protocol": "HTTP",
                "timeout": 5,
                "unhealthy_threshold": 3
              }
            ],
            "id": "arn:aws:elasticloadbalancing:us-east-1:851725425827:targetgroup/clarus-rancher-http-80-tg/9b90001af5ce1e9d",
            "ip_address_type": "ipv4",
            "lambda_multi_value_headers_enabled": false,
            "load_balancing_algorithm_type": "round_robin",
            "load_balancing_cross_zone_enabled": "use_load_balancer_configuration",
            "name": "clarus-rancher-http-80-tg",
            "name_prefix": null,
            "port": 80,
            "preserve_client_ip": null,
            "protocol": "HTTP",
            "protocol_version": "HTTP1",
            "proxy_protocol_v2": false,
            "slow_start": 0,
            "stickiness": [
              {
                "cookie_duration": 86400,
                "cookie_name": "",
                "enabled": false,
                "type": "lb_cookie"
              }
            ],
            "tags": null,
            "tags_all": {},
            "target_failover": [
              {
                "on_deregistration": null,
                "on_unhealthy": null
              }
            ],
            "target_type": "instance",
            "vpc_id": "vpc-0c1afcd66dcda0546"
          },
          "sensitive_attributes": [],
          "private": "bnVsbA=="
        }
      ]
    },
    {
      "mode": "managed",
      "type": "aws_alb_target_group_attachment",
      "name": "rancher-attach",
      "provider": "provider[\"registry.terraform.io/hashicorp/aws\"]",
      "instances": [
        {
          "schema_version": 0,
          "attributes": {
            "availability_zone": null,
            "id": "arn:aws:elasticloadbalancing:us-east-1:851725425827:targetgroup/clarus-rancher-http-80-tg/9b90001af5ce1e9d-20241030133557987100000002",
            "port": null,
            "target_group_arn": "arn:aws:elasticloadbalancing:us-east-1:851725425827:targetgroup/clarus-rancher-http-80-tg/9b90001af5ce1e9d",
            "target_id": "i-095bb65af98a5a129"
          },
          "sensitive_attributes": [],
          "private": "bnVsbA==",
          "dependencies": [
            "aws_alb_target_group.rancher-tg",
            "aws_iam_instance_profile.profile_for_rancher",
            "aws_iam_role.role_for_rancher",
            "aws_instance.tf-rancher-server",
            "aws_key_pair.generated_key",
            "aws_security_group.rancher-alb",
            "aws_security_group.tf-rancher-sec-gr",
            "tls_private_key.example"
          ]
        }
      ]
    },
    {
      "mode": "managed",
      "type": "aws_iam_instance_profile",
      "name": "profile_for_rancher",
      "provider": "provider[\"registry.terraform.io/hashicorp/aws\"]",
      "instances": [
        {
          "schema_version": 0,
          "attributes": {
            "arn": "arn:aws:iam::851725425827:instance-profile/petclinic_role_rancher",
            "create_date": "2024-10-30T13:35:38Z",
            "id": "petclinic_role_rancher",
            "name": "petclinic_role_rancher",
            "name_prefix": "",
            "path": "/",
            "role": "petclinic_role_rancher",
            "tags": null,
            "tags_all": {},
            "unique_id": "AIPA4MTWKTSR4XSOYGAFJ"
          },
          "sensitive_attributes": [],
          "private": "bnVsbA==",
          "dependencies": [
            "aws_iam_role.role_for_rancher"
          ]
        }
      ]
    },
    {
      "mode": "managed",
      "type": "aws_iam_policy",
      "name": "policy_for_rke-controlplane_role",
      "provider": "provider[\"registry.terraform.io/hashicorp/aws\"]",
      "instances": [
        {
          "schema_version": 0,
          "attributes": {
            "arn": "arn:aws:iam::851725425827:policy/petclinic_policy_for_rke-controlplane_role",
            "description": "",
            "id": "arn:aws:iam::851725425827:policy/petclinic_policy_for_rke-controlplane_role",
            "name": "petclinic_policy_for_rke-controlplane_role",
            "name_prefix": "",
            "path": "/",
            "policy": "{\"Statement\":[{\"Action\":[\"autoscaling:DescribeAutoScalingGroups\",\"autoscaling:DescribeLaunchConfigurations\",\"autoscaling:DescribeTags\",\"ec2:DescribeInstances\",\"ec2:DescribeRegions\",\"ec2:DescribeRouteTables\",\"ec2:DescribeSecurityGroups\",\"ec2:DescribeSubnets\",\"ec2:DescribeVolumes\",\"ec2:CreateSecurityGroup\",\"ec2:CreateTags\",\"ec2:CreateVolume\",\"ec2:ModifyInstanceAttribute\",\"ec2:ModifyVolume\",\"ec2:AttachVolume\",\"ec2:AuthorizeSecurityGroupIngress\",\"ec2:CreateRoute\",\"ec2:DeleteRoute\",\"ec2:DeleteSecurityGroup\",\"ec2:DeleteVolume\",\"ec2:DetachVolume\",\"ec2:RevokeSecurityGroupIngress\",\"ec2:DescribeVpcs\",\"elasticloadbalancing:AddTags\",\"elasticloadbalancing:AttachLoadBalancerToSubnets\",\"elasticloadbalancing:ApplySecurityGroupsToLoadBalancer\",\"elasticloadbalancing:CreateLoadBalancer\",\"elasticloadbalancing:CreateLoadBalancerPolicy\",\"elasticloadbalancing:CreateLoadBalancerListeners\",\"elasticloadbalancing:ConfigureHealthCheck\",\"elasticloadbalancing:DeleteLoadBalancer\",\"elasticloadbalancing:DeleteLoadBalancerListeners\",\"elasticloadbalancing:DescribeLoadBalancers\",\"elasticloadbalancing:DescribeLoadBalancerAttributes\",\"elasticloadbalancing:DetachLoadBalancerFromSubnets\",\"elasticloadbalancing:DeregisterInstancesFromLoadBalancer\",\"elasticloadbalancing:ModifyLoadBalancerAttributes\",\"elasticloadbalancing:RegisterInstancesWithLoadBalancer\",\"elasticloadbalancing:SetLoadBalancerPoliciesForBackendServer\",\"elasticloadbalancing:AddTags\",\"elasticloadbalancing:CreateListener\",\"elasticloadbalancing:CreateTargetGroup\",\"elasticloadbalancing:DeleteListener\",\"elasticloadbalancing:DeleteTargetGroup\",\"elasticloadbalancing:DescribeListeners\",\"elasticloadbalancing:DescribeLoadBalancerPolicies\",\"elasticloadbalancing:DescribeTargetGroups\",\"elasticloadbalancing:DescribeTargetHealth\",\"elasticloadbalancing:ModifyListener\",\"elasticloadbalancing:ModifyTargetGroup\",\"elasticloadbalancing:RegisterTargets\",\"elasticloadbalancing:SetLoadBalancerPoliciesOfListener\",\"iam:CreateServiceLinkedRole\",\"kms:DescribeKey\"],\"Effect\":\"Allow\",\"Resource\":[\"*\"]}],\"Version\":\"2012-10-17\"}",
            "policy_id": "ANPA4MTWKTSR3JMXBJTLS",
            "tags": null,
            "tags_all": {}
          },
          "sensitive_attributes": [],
          "private": "bnVsbA=="
        }
      ]
    },
    {
      "mode": "managed",
      "type": "aws_iam_policy",
      "name": "policy_for_rke_etcd_worker_role",
      "provider": "provider[\"registry.terraform.io/hashicorp/aws\"]",
      "instances": [
        {
          "schema_version": 0,
          "attributes": {
            "arn": "arn:aws:iam::851725425827:policy/petclinic_policy_for_rke_etcd_worker_role",
            "description": "",
            "id": "arn:aws:iam::851725425827:policy/petclinic_policy_for_rke_etcd_worker_role",
            "name": "petclinic_policy_for_rke_etcd_worker_role",
            "name_prefix": "",
            "path": "/",
            "policy": "{\"Statement\":[{\"Action\":[\"ec2:DescribeInstances\",\"ec2:DescribeRegions\",\"ecr:GetAuthorizationToken\",\"ecr:BatchCheckLayerAvailability\",\"ecr:GetDownloadUrlForLayer\",\"ecr:GetRepositoryPolicy\",\"ecr:DescribeRepositories\",\"ecr:ListImages\",\"ecr:BatchGetImage\"],\"Effect\":\"Allow\",\"Resource\":\"*\"}],\"Version\":\"2012-10-17\"}",
            "policy_id": "ANPA4MTWKTSRXMWJW4B56",
            "tags": null,
            "tags_all": {}
          },
          "sensitive_attributes": [],
          "private": "bnVsbA=="
        }
      ]
    },
    {
      "mode": "managed",
      "type": "aws_iam_policy_attachment",
      "name": "attach_for_rancher1",
      "provider": "provider[\"registry.terraform.io/hashicorp/aws\"]",
      "instances": [
        {
          "schema_version": 0,
          "attributes": {
            "groups": null,
            "id": "petclinic_attachment_for_rancher_controlplane",
            "name": "petclinic_attachment_for_rancher_controlplane",
            "policy_arn": "arn:aws:iam::851725425827:policy/petclinic_policy_for_rke-controlplane_role",
            "roles": [
              "petclinic_role_rancher"
            ],
            "users": null
          },
          "sensitive_attributes": [],
          "private": "bnVsbA==",
          "dependencies": [
            "aws_iam_policy.policy_for_rke-controlplane_role",
            "aws_iam_role.role_for_rancher"
          ]
        }
      ]
    },
    {
      "mode": "managed",
      "type": "aws_iam_policy_attachment",
      "name": "attach_for_rancher2",
      "provider": "provider[\"registry.terraform.io/hashicorp/aws\"]",
      "instances": [
        {
          "schema_version": 0,
          "attributes": {
            "groups": null,
            "id": "petclinic_attachment_for_rancher_controlplane",
            "name": "petclinic_attachment_for_rancher_controlplane",
            "policy_arn": "arn:aws:iam::851725425827:policy/petclinic_policy_for_rke_etcd_worker_role",
            "roles": [
              "petclinic_role_rancher"
            ],
            "users": null
          },
          "sensitive_attributes": [],
          "private": "bnVsbA==",
          "dependencies": [
            "aws_iam_policy.policy_for_rke_etcd_worker_role",
            "aws_iam_role.role_for_rancher"
          ]
        }
      ]
    },
    {
      "mode": "managed",
      "type": "aws_iam_role",
      "name": "role_for_rancher",
      "provider": "provider[\"registry.terraform.io/hashicorp/aws\"]",
      "instances": [
        {
          "schema_version": 0,
          "attributes": {
            "arn": "arn:aws:iam::851725425827:role/petclinic_role_rancher",
            "assume_role_policy": "{\"Statement\":[{\"Action\":\"sts:AssumeRole\",\"Effect\":\"Allow\",\"Principal\":{\"Service\":\"ec2.amazonaws.com\"},\"Sid\":\"\"}],\"Version\":\"2012-10-17\"}",
            "create_date": "2024-10-30T13:35:38Z",
            "description": "",
            "force_detach_policies": false,
            "id": "petclinic_role_rancher",
            "inline_policy": [],
            "managed_policy_arns": [],
            "max_session_duration": 3600,
            "name": "petclinic_role_rancher",
            "name_prefix": "",
            "path": "/",
            "permissions_boundary": null,
            "role_last_used": [
              {
                "last_used_date": "",
                "region": ""
              }
            ],
            "tags": {
              "Name": "petclinic_role_controlplane_rke"
            },
            "tags_all": {
              "Name": "petclinic_role_controlplane_rke"
            },
            "unique_id": "AROA4MTWKTSR7G2J4ZZ45"
          },
          "sensitive_attributes": [],
          "private": "bnVsbA=="
        }
      ]
    },
    {
      "mode": "managed",
      "type": "aws_instance",
      "name": "tf-rancher-server",
      "provider": "provider[\"registry.terraform.io/hashicorp/aws\"]",
      "instances": [
        {
          "schema_version": 1,
          "attributes": {
            "ami": "ami-0261755bbcb8c4a84",
            "arn": "arn:aws:ec2:us-east-1:851725425827:instance/i-095bb65af98a5a129",
            "associate_public_ip_address": true,
            "availability_zone": "us-east-1a",
            "capacity_reservation_specification": [
              {
                "capacity_reservation_preference": "open",
                "capacity_reservation_target": []
              }
            ],
            "cpu_core_count": 1,
            "cpu_options": [
              {
                "amd_sev_snp": "",
                "core_count": 1,
                "threads_per_core": 2
              }
            ],
            "cpu_threads_per_core": 2,
            "credit_specification": [
              {
                "cpu_credits": "unlimited"
              }
            ],
            "disable_api_stop": false,
            "disable_api_termination": false,
            "ebs_block_device": [],
            "ebs_optimized": false,
            "enclave_options": [
              {
                "enabled": false
              }
            ],
            "ephemeral_block_device": [],
            "get_password_data": false,
            "hibernation": false,
            "host_id": "",
            "host_resource_group_arn": null,
            "iam_instance_profile": "petclinic_role_rancher",
            "id": "i-095bb65af98a5a129",
            "instance_initiated_shutdown_behavior": "stop",
            "instance_state": "running",
            "instance_type": "t3a.medium",
            "ipv6_address_count": 0,
            "ipv6_addresses": [],
            "key_name": "petclinic-ranchertr",
            "launch_template": [],
            "maintenance_options": [
              {
                "auto_recovery": "default"
              }
            ],
            "metadata_options": [
              {
                "http_endpoint": "enabled",
                "http_put_response_hop_limit": 1,
                "http_tokens": "optional",
                "instance_metadata_tags": "disabled"
              }
            ],
            "monitoring": false,
            "network_interface": [],
            "outpost_arn": "",
            "password_data": "",
            "placement_group": "",
            "placement_partition_number": 0,
            "primary_network_interface_id": "eni-05bd8dd927f5ec65f",
            "private_dns": "ip-172-31-23-155.ec2.internal",
            "private_dns_name_options": [
              {
                "enable_resource_name_dns_a_record": false,
                "enable_resource_name_dns_aaaa_record": false,
                "hostname_type": "ip-name"
              }
            ],
            "private_ip": "172.31.23.155",
            "public_dns": "ec2-54-173-208-193.compute-1.amazonaws.com",
            "public_ip": "54.173.208.193",
            "root_block_device": [
              {
                "delete_on_termination": true,
                "device_name": "/dev/sda1",
                "encrypted": false,
                "iops": 100,
                "kms_key_id": "",
                "tags": null,
                "throughput": 0,
                "volume_id": "vol-055784d3cb7e8e872",
                "volume_size": 16,
                "volume_type": "gp2"
              }
            ],
            "secondary_private_ips": [],
            "security_groups": [
              "rancher-server-sec-gr"
            ],
            "source_dest_check": true,
            "subnet_id": "subnet-07be199b86168820a",
            "tags": {
              "Name": "petclinic-rancher-server",
              "kubernetes.io/cluster/petclinic-Rancher": "owned"
            },
            "tags_all": {
              "Name": "petclinic-rancher-server",
              "kubernetes.io/cluster/petclinic-Rancher": "owned"
            },
            "tenancy": "default",
            "timeouts": null,
            "user_data": "4c38b3bc68c6991efe299173efe6f521cf4208ea",
            "user_data_base64": null,
            "user_data_replace_on_change": false,
            "volume_tags": null,
            "vpc_security_group_ids": [
              "sg-0b03e9f3cc3a72d59"
            ]
          },
          "sensitive_attributes": [],
          "private": "eyJlMmJmYjczMC1lY2FhLTExZTYtOGY4OC0zNDM2M2JjN2M0YzAiOnsiY3JlYXRlIjo2MDAwMDAwMDAwMDAsImRlbGV0ZSI6MTIwMDAwMDAwMDAwMCwidXBkYXRlIjo2MDAwMDAwMDAwMDB9LCJzY2hlbWFfdmVyc2lvbiI6IjEifQ==",
          "dependencies": [
            "aws_iam_instance_profile.profile_for_rancher",
            "aws_iam_role.role_for_rancher",
            "aws_key_pair.generated_key",
            "aws_security_group.rancher-alb",
            "aws_security_group.tf-rancher-sec-gr",
            "tls_private_key.example"
          ]
        }
      ]
    },
    {
      "mode": "managed",
      "type": "aws_key_pair",
      "name": "generated_key",
      "provider": "provider[\"registry.terraform.io/hashicorp/aws\"]",
      "instances": [
        {
          "schema_version": 1,
          "attributes": {
            "arn": "arn:aws:ec2:us-east-1:851725425827:key-pair/petclinic-ranchertr",
            "fingerprint": "0c:55:46:0d:1c:93:ff:0f:4a:92:31:07:4f:ee:78:f6",
            "id": "petclinic-ranchertr",
            "key_name": "petclinic-ranchertr",
            "key_name_prefix": "",
            "key_pair_id": "key-0c9cd75b2656285fa",
            "key_type": "rsa",
            "public_key": "ssh-rsa AAAAB3NzaC1yc2EAAAADAQABAAACAQDHMCoWLZXF/4T3Vf+lF+CjdO6MCrG5QKosm0BgdcX6LUlFda3zUxZZvygQXL3vl5d39Zy5sMoc4dkzbe3MOh8XxUrbRVgkGGMIkrX9jNlI+B1IeC5xJPoiVa9a9kSR3PV2hZSI7TlKmikzk3PB146q+z60OAXsKHUO9Rljhq0Z1s4IA+BamPprPncaOGVkeCAFXsCYgDj/v6MrYv5YoddEOya7MDYWTYuJK42pT9e/5iZH+2qpmeeU/TijDxSfrUQVdv03wCAGcJhK5miKGXyC0Rhq1xePMg0UmqRBnrkTM4Tl5BNo0Ajl426HkmQ5l08hxjibE59XfaYQEVKaeYbxXfDopKU5MBgQ9CCTDWahJQegL/meJD4f1BhbH129z2px7KAwvuPO/6ly59JvtG+7dFyUFQilYDHM8xQWP5iKuB35k5n6rE/Mh8DShZSyAzVTeW0OKE+fiSrDPgeWG7fGbc7+vCRMqfb12B8l04zk3CWS2R3nQEwOyrCBBKWIM6XZ+5aHucy2DL7auKIaCoYlTP0ru0S68Bhwhikrx+tNOn9E6wZhcA95UhQVrNLm7UhzSPTP97robbN0oODm0NxNqsAp8Q0m9Sz7MxJkbo1E9dICnanR/U4Ll5qBvzWwLN5o8JKQxtlHH4SbQxw9rK/D4dVkIG35lI61UwhTBfJ7NQ==",
            "tags": null,
            "tags_all": {}
          },
          "sensitive_attributes": [],
          "private": "eyJzY2hlbWFfdmVyc2lvbiI6IjEifQ==",
          "dependencies": [
            "tls_private_key.example"
          ]
        }
      ]
    },
    {
      "mode": "managed",
      "type": "aws_lb",
      "name": "rancher-alb",
      "provider": "provider[\"registry.terraform.io/hashicorp/aws\"]",
      "instances": [
        {
          "schema_version": 0,
          "attributes": {
            "access_logs": [
              {
                "bucket": "",
                "enabled": false,
                "prefix": ""
              }
            ],
            "arn": "arn:aws:elasticloadbalancing:us-east-1:851725425827:loadbalancer/app/petclinic-rancher-alb/3af7edb63bb3d152",
            "arn_suffix": "app/petclinic-rancher-alb/3af7edb63bb3d152",
            "customer_owned_ipv4_pool": "",
            "desync_mitigation_mode": "defensive",
            "dns_name": "petclinic-rancher-alb-1734163875.us-east-1.elb.amazonaws.com",
            "drop_invalid_header_fields": false,
            "enable_cross_zone_load_balancing": true,
            "enable_deletion_protection": false,
            "enable_http2": true,
            "enable_tls_version_and_cipher_suite_headers": false,
            "enable_waf_fail_open": false,
            "enable_xff_client_port": false,
            "id": "arn:aws:elasticloadbalancing:us-east-1:851725425827:loadbalancer/app/petclinic-rancher-alb/3af7edb63bb3d152",
            "idle_timeout": 60,
            "internal": false,
            "ip_address_type": "ipv4",
            "load_balancer_type": "application",
            "name": "petclinic-rancher-alb",
            "name_prefix": null,
            "preserve_host_header": false,
            "security_groups": [
              "sg-0b490ae87f1eba09f"
            ],
            "subnet_mapping": [
              {
                "allocation_id": "",
                "ipv6_address": "",
                "outpost_id": "",
                "private_ipv4_address": "",
                "subnet_id": "subnet-0170dabfbcbb597bb"
              },
              {
                "allocation_id": "",
                "ipv6_address": "",
                "outpost_id": "",
                "private_ipv4_address": "",
                "subnet_id": "subnet-07be199b86168820a"
              },
              {
                "allocation_id": "",
                "ipv6_address": "",
                "outpost_id": "",
                "private_ipv4_address": "",
                "subnet_id": "subnet-0fd1088f5980d7352"
              }
            ],
            "subnets": [
              "subnet-0170dabfbcbb597bb",
              "subnet-07be199b86168820a",
              "subnet-0fd1088f5980d7352"
            ],
            "tags": null,
            "tags_all": {},
            "timeouts": null,
            "vpc_id": "vpc-0c1afcd66dcda0546",
            "xff_header_processing_mode": "append",
            "zone_id": "Z35SXDOTRQ7X7K"
          },
          "sensitive_attributes": [],
          "private": "eyJlMmJmYjczMC1lY2FhLTExZTYtOGY4OC0zNDM2M2JjN2M0YzAiOnsiY3JlYXRlIjo2MDAwMDAwMDAwMDAsImRlbGV0ZSI6NjAwMDAwMDAwMDAwLCJ1cGRhdGUiOjYwMDAwMDAwMDAwMH19",
          "dependencies": [
            "aws_security_group.rancher-alb"
          ]
        }
      ]
    },
    {
      "mode": "managed",
      "type": "aws_route53_record",
      "name": "arecord",
      "provider": "provider[\"registry.terraform.io/hashicorp/aws\"]",
      "instances": [
        {
          "schema_version": 2,
          "attributes": {
            "alias": [
              {
                "evaluate_target_health": true,
                "name": "petclinic-rancher-alb-1734163875.us-east-1.elb.amazonaws.com",
                "zone_id": "Z35SXDOTRQ7X7K"
              }
            ],
            "allow_overwrite": null,
            "cidr_routing_policy": [],
            "failover_routing_policy": [],
            "fqdn": "ranchero.yusufsahin.click",
            "geolocation_routing_policy": [],
            "health_check_id": "",
            "id": "Z08764392DATGNNXGDKQF_ranchero.yusufsahin.click_A",
            "latency_routing_policy": [],
            "multivalue_answer_routing_policy": false,
            "name": "ranchero.yusufsahin.click",
            "records": null,
            "set_identifier": "",
            "ttl": 0,
            "type": "A",
            "weighted_routing_policy": [],
            "zone_id": "Z08764392DATGNNXGDKQF"
          },
          "sensitive_attributes": [],
          "private": "eyJzY2hlbWFfdmVyc2lvbiI6IjIifQ==",
          "dependencies": [
            "aws_lb.rancher-alb",
            "aws_security_group.rancher-alb",
            "data.aws_route53_zone.dns"
          ]
        }
      ]
    },
    {
      "mode": "managed",
      "type": "aws_security_group",
      "name": "rancher-alb",
      "provider": "provider[\"registry.terraform.io/hashicorp/aws\"]",
      "instances": [
        {
          "schema_version": 1,
          "attributes": {
            "arn": "arn:aws:ec2:us-east-1:851725425827:security-group/sg-0b490ae87f1eba09f",
            "description": "Managed by Terraform",
            "egress": [
              {
                "cidr_blocks": [
                  "0.0.0.0/0"
                ],
                "description": "",
                "from_port": 0,
                "ipv6_cidr_blocks": [],
                "prefix_list_ids": [],
                "protocol": "-1",
                "security_groups": [],
                "self": false,
                "to_port": 0
              }
            ],
            "id": "sg-0b490ae87f1eba09f",
            "ingress": [
              {
                "cidr_blocks": [
                  "0.0.0.0/0"
                ],
                "description": "",
                "from_port": 443,
                "ipv6_cidr_blocks": [],
                "prefix_list_ids": [],
                "protocol": "tcp",
                "security_groups": [],
                "self": false,
                "to_port": 443
              },
              {
                "cidr_blocks": [
                  "0.0.0.0/0"
                ],
                "description": "",
                "from_port": 80,
                "ipv6_cidr_blocks": [],
                "prefix_list_ids": [],
                "protocol": "tcp",
                "security_groups": [],
                "self": false,
                "to_port": 80
              }
            ],
            "name": "petclinicdt-rancher-alb-sec-gr",
            "name_prefix": "",
            "owner_id": "851725425827",
            "revoke_rules_on_delete": false,
            "tags": {
              "Name": "petclinicdt-rancher-alb-sec-gr",
              "kubernetes.io/cluster/petclinic-Rancher": "owned"
            },
            "tags_all": {
              "Name": "petclinicdt-rancher-alb-sec-gr",
              "kubernetes.io/cluster/petclinic-Rancher": "owned"
            },
            "timeouts": null,
            "vpc_id": "vpc-0c1afcd66dcda0546"
          },
          "sensitive_attributes": [],
          "private": "eyJlMmJmYjczMC1lY2FhLTExZTYtOGY4OC0zNDM2M2JjN2M0YzAiOnsiY3JlYXRlIjo2MDAwMDAwMDAwMDAsImRlbGV0ZSI6OTAwMDAwMDAwMDAwfSwic2NoZW1hX3ZlcnNpb24iOiIxIn0="
        }
      ]
    },
    {
      "mode": "managed",
      "type": "aws_security_group",
      "name": "tf-rancher-sec-gr",
      "provider": "provider[\"registry.terraform.io/hashicorp/aws\"]",
      "instances": [
        {
          "schema_version": 1,
          "attributes": {
            "arn": "arn:aws:ec2:us-east-1:851725425827:security-group/sg-0b03e9f3cc3a72d59",
            "description": "Managed by Terraform",
            "egress": [
              {
                "cidr_blocks": [
                  "0.0.0.0/0"
                ],
                "description": "",
                "from_port": 0,
                "ipv6_cidr_blocks": [],
                "prefix_list_ids": [],
                "protocol": "-1",
                "security_groups": [],
                "self": false,
                "to_port": 0
              },
              {
                "cidr_blocks": [
                  "0.0.0.0/0"
                ],
                "description": "",
                "from_port": 22,
                "ipv6_cidr_blocks": [],
                "prefix_list_ids": [],
                "protocol": "tcp",
                "security_groups": [],
                "self": false,
                "to_port": 22
              },
              {
                "cidr_blocks": [
                  "0.0.0.0/0"
                ],
                "description": "",
                "from_port": 2376,
                "ipv6_cidr_blocks": [],
                "prefix_list_ids": [],
                "protocol": "tcp",
                "security_groups": [],
                "self": false,
                "to_port": 2376
              },
              {
                "cidr_blocks": [
                  "0.0.0.0/0"
                ],
                "description": "",
                "from_port": 80,
                "ipv6_cidr_blocks": [],
                "prefix_list_ids": [],
                "protocol": "tcp",
                "security_groups": [],
                "self": false,
                "to_port": 80
              },
              {
                "cidr_blocks": [
                  "35.167.242.46/32",
                  "52.33.59.17/32",
                  "35.160.43.145/32"
                ],
                "description": "",
                "from_port": 443,
                "ipv6_cidr_blocks": [],
                "prefix_list_ids": [],
                "protocol": "tcp",
                "security_groups": [],
                "self": false,
                "to_port": 443
              },
              {
                "cidr_blocks": [],
                "description": "",
                "from_port": 0,
                "ipv6_cidr_blocks": [],
                "prefix_list_ids": [],
                "protocol": "-1",
                "security_groups": [],
                "self": true,
                "to_port": 0
              }
            ],
            "id": "sg-0b03e9f3cc3a72d59",
            "ingress": [
              {
                "cidr_blocks": [
                  "0.0.0.0/0"
                ],
                "description": "",
                "from_port": 22,
                "ipv6_cidr_blocks": [],
                "prefix_list_ids": [],
                "protocol": "tcp",
                "security_groups": [],
                "self": false,
                "to_port": 22
              },
              {
                "cidr_blocks": [
                  "0.0.0.0/0"
                ],
                "description": "",
                "from_port": 443,
                "ipv6_cidr_blocks": [],
                "prefix_list_ids": [],
                "protocol": "tcp",
                "security_groups": [],
                "self": false,
                "to_port": 443
              },
              {
                "cidr_blocks": [
                  "0.0.0.0/0"
                ],
                "description": "",
                "from_port": 6443,
                "ipv6_cidr_blocks": [],
                "prefix_list_ids": [],
                "protocol": "tcp",
                "security_groups": [],
                "self": false,
                "to_port": 6443
              },
              {
                "cidr_blocks": [],
                "description": "",
                "from_port": 0,
                "ipv6_cidr_blocks": [],
                "prefix_list_ids": [],
                "protocol": "-1",
                "security_groups": [],
                "self": true,
                "to_port": 0
              },
              {
                "cidr_blocks": [],
                "description": "",
                "from_port": 80,
                "ipv6_cidr_blocks": [],
                "prefix_list_ids": [],
                "protocol": "tcp",
                "security_groups": [
                  "sg-0b490ae87f1eba09f"
                ],
                "self": false,
                "to_port": 80
              }
            ],
            "name": "rancher-server-sec-gr",
            "name_prefix": "",
            "owner_id": "851725425827",
            "revoke_rules_on_delete": false,
            "tags": {
              "Name": "rancher-server-sec-gr",
              "kubernetes.io/cluster/petclinic-Rancher": "owned"
            },
            "tags_all": {
              "Name": "rancher-server-sec-gr",
              "kubernetes.io/cluster/petclinic-Rancher": "owned"
            },
            "timeouts": null,
            "vpc_id": "vpc-0c1afcd66dcda0546"
          },
          "sensitive_attributes": [],
          "private": "eyJlMmJmYjczMC1lY2FhLTExZTYtOGY4OC0zNDM2M2JjN2M0YzAiOnsiY3JlYXRlIjo2MDAwMDAwMDAwMDAsImRlbGV0ZSI6OTAwMDAwMDAwMDAwfSwic2NoZW1hX3ZlcnNpb24iOiIxIn0=",
          "dependencies": [
            "aws_security_group.rancher-alb"
          ]
        }
      ]
    },
    {
      "mode": "managed",
      "type": "null_resource",
      "name": "privatekey",
      "provider": "provider[\"registry.terraform.io/hashicorp/null\"]",
      "instances": [
        {
          "schema_version": 0,
          "attributes": {
            "id": "8970231107135663468",
            "triggers": null
          },
          "sensitive_attributes": [],
          "dependencies": [
            "tls_private_key.example"
          ]
        }
      ]
    },
    {
      "mode": "managed",
      "type": "tls_private_key",
      "name": "example",
      "provider": "provider[\"registry.terraform.io/hashicorp/tls\"]",
      "instances": [
        {
          "schema_version": 1,
          "attributes": {
            "algorithm": "RSA",
            "ecdsa_curve": "P224",
            "id": "f58f4a4063c9d55815f3e37f13fe65040dd00129",
            "private_key_openssh": "-----BEGIN OPENSSH PRIVATE KEY-----\nb3BlbnNzaC1rZXktdjEAAAAABG5vbmUAAAAEbm9uZQAAAAAAAAABAAACFwAAAAdz\nc2gtcnNhAAAAAwEAAQAAAgEAxzAqFi2Vxf+E91X/pRfgo3TujAqxuUCqLJtAYHXF\n+i1JRXWt81MWWb8oEFy975eXd/WcubDKHOHZM23tzDofF8VK20VYJBhjCJK1/YzZ\nSPgdSHgucST6IlWvWvZEkdz1doWUiO05SpopM5NzwdeOqvs+tDgF7Ch1DvUZY4at\nGdbOCAPgWpj6az53GjhlZHggBV7AmIA4/7+jK2L+WKHXRDsmuzA2Fk2LiSuNqU/X\nv+YmR/tqqZnnlP04ow8Un61EFXb9N8AgBnCYSuZoihl8gtEYatcXjzINFJqkQZ65\nEzOE5eQTaNAI5eNuh5JkOZdPIcY4mxOfV32mEBFSmnmG8V3w6KSlOTAYEPQgkw1m\noSUHoC/5niQ+H9QYWx9dvc9qceygML7jzv+pcufSb7Rvu3RclBUIpWAxzPMUFj+Y\nirgd+ZOZ+qxPzIfA0oWUsgM1U3ltDihPn4kqwz4Hlhu3xm3O/rwkTKn29dgfJdOM\n5Nwlktkd50BMDsqwgQSliDOl2fuWh7nMtgy+2riiGgqGJUz9K7tEuvAYcIYpK8fr\nTTp/ROsGYXAPeVIUFazS5u1Ic0j0z/e66G2zdKDg5tDcTarAKfENJvUs+zMSZG6N\nRPXSAp2p0f1OC5eagb81sCzeaPCSkMbZRx+Em0McPayvw+HVZCBt+ZSOtVMIUwXy\nezUAAAc45dGDGeXRgxkAAAAHc3NoLXJzYQAAAgEAxzAqFi2Vxf+E91X/pRfgo3Tu\njAqxuUCqLJtAYHXF+i1JRXWt81MWWb8oEFy975eXd/WcubDKHOHZM23tzDofF8VK\n20VYJBhjCJK1/YzZSPgdSHgucST6IlWvWvZEkdz1doWUiO05SpopM5NzwdeOqvs+\ntDgF7Ch1DvUZY4atGdbOCAPgWpj6az53GjhlZHggBV7AmIA4/7+jK2L+WKHXRDsm\nuzA2Fk2LiSuNqU/Xv+YmR/tqqZnnlP04ow8Un61EFXb9N8AgBnCYSuZoihl8gtEY\natcXjzINFJqkQZ65EzOE5eQTaNAI5eNuh5JkOZdPIcY4mxOfV32mEBFSmnmG8V3w\n6KSlOTAYEPQgkw1moSUHoC/5niQ+H9QYWx9dvc9qceygML7jzv+pcufSb7Rvu3Rc\nlBUIpWAxzPMUFj+Yirgd+ZOZ+qxPzIfA0oWUsgM1U3ltDihPn4kqwz4Hlhu3xm3O\n/rwkTKn29dgfJdOM5Nwlktkd50BMDsqwgQSliDOl2fuWh7nMtgy+2riiGgqGJUz9\nK7tEuvAYcIYpK8frTTp/ROsGYXAPeVIUFazS5u1Ic0j0z/e66G2zdKDg5tDcTarA\nKfENJvUs+zMSZG6NRPXSAp2p0f1OC5eagb81sCzeaPCSkMbZRx+Em0McPayvw+HV\nZCBt+ZSOtVMIUwXyezUAAAADAQABAAACAEj/m8z489TWahKDD+efMpJ0/h+Qo8Vy\nr2sdkqBHSUEAa8Pq9s8f+ib16Wblti4ibj5mYwOiiM/A7WrttKKOAmshwOdPKJhB\n37l6mvvLLK6TT5gJg2uv04PVxygc7NBQHB1NozvzRHXUvZjLRzcZGo4K+dXuWi1M\nPmo25REWgEXh9Sv2z7gkLFI1WEzhsjb51zJgoVDCXSFNSC1UYEZ3OX8l9nHPn2LZ\nFHQ24/nS6wzG+eyTdWmmn7p4etM3aaWDSFpdezt9S79QcF+yxUknQfxnSP2OynGO\nNEEC04PA+a7RyLi/t2VIKJqnmRBSVCzPCQ8lqAUdUd4sjDmDP7ShKRSSNqEHaN+q\nOzptUov6tIi6X1nt2j4mNU2jP5bWqT5Vgon2BIh23WPLLAQQJp1D0v3YRNx8zEgI\nvnNgSbJqchbl6GGWCJuLBTcgM5PQr/rgXFGsEuMbQ7uWG0i8gX8mKCxwQL1hZHBC\nAFD2Z3/rPGMz5u85ZAtoOhI8exO3Ww0KThmddXaptNjJq1m2joZ6TU9oNwnh2Uim\n6qF2plL2CL+F5EJeMHhrsML9kxP7qleyU8dd7t2XD9rplpoeDOB7y1G+YC1vffYr\n1fcnM7PxeakPQaV8S3pGdXVjW1aE61JjBKz/rzwa87tVFi6Cy6EmFbhY75k5L4lc\nYIvCfKUIXj/BAAABADcBMorNBPPgIhh2S5ioNw/4h9sjsd0t4tXpQbt/o+2ae0+7\nb0/EvlmBZC59OUuMcVoXgR6IBD+CTPpgb+734aCAe1FpapNIVGTCi0sbJbSPDjRW\ne6nwJQ0FSyDLVtzct8qPVnF4QYZn72Wk/ef9Lp6PVsO8M68GishAQCSncwoeYCXr\nD8lAKgCvE6HbUmXyQwzG3WL3r9Aj42//t2n8ZnS4WhEhyDgY60AR5k0zVMK6iWN+\nEPbIQyN3G5nG/joJa+BlhWBolEWWBzPOp7v1THAhCHT9fAmpXFmr/poJvhuAseda\nLwlBJ1sU7bhEI8fHaiEX0DPiXvgosk41Y4jkhqgAAAEBANRTAUZEdDXA0GDybQrU\nm1wKZG2Lb/WqdOmYxpQA8UEfuD3CPfRVB9nuVnAOKsYNBzmXGHjNsPjMUATdJRCb\n1lvsWVkq8h+YdWNell5XnU4/S1rfcQUnB8dEfiwjMCrQuJPQvDLDdW+6J8Gc/xii\nxRnFE7lYabOx6oYHB8FnYyzqRJ962K6MjuT6sdMzn4HNmf+6VZW/rDJtjLyn99/N\nxOs2A++UL6TXi3H23j3nEcCdhE6REeiEHOO/QG6AtEHq4iSnkxCoNPq+7YhDA0aJ\nHoEkkjVxdoP88oP/7H187NPM6oPHntNp2LjX5hI4TTGVKL8n/808hNRy3SqdJ1TT\nFq0AAAEBAPApaZ4C5dDu2qwRjExzarwBjsGjyyMB4UT0wsH6BnIZ3yG4NikUlHLh\nYk07Oe1AxTTAnUuZktLPMw7cgaZQ9So2XR3ot6IL9/zal6/oAgzyQhks3PW47GkK\nHdkklqIvUEWXMcegegtwmI1pYIjxhDmPjaNDvptb+bEL9S0AJkp3lPsU1vADIy9P\npU4jyv+Lx+QIroeLuX2d1utLgi4f50WL45uCU0KlnvnzNGtr9O4g0loaHg1dh2oh\n3mipE2gVaJtJTS+dshItC9fCXR1iEZj+pnfxLDFUuTmgUZe9KW7dWfftt0iZjSHI\nO5Yf/a3qS9lpARAkXIN2P/DnaczB76kAAAAAAQID\n-----END OPENSSH PRIVATE KEY-----\n",
            "private_key_pem": "-----BEGIN RSA PRIVATE KEY-----\nMIIJKQIBAAKCAgEAxzAqFi2Vxf+E91X/pRfgo3TujAqxuUCqLJtAYHXF+i1JRXWt\n81MWWb8oEFy975eXd/WcubDKHOHZM23tzDofF8VK20VYJBhjCJK1/YzZSPgdSHgu\ncST6IlWvWvZEkdz1doWUiO05SpopM5NzwdeOqvs+tDgF7Ch1DvUZY4atGdbOCAPg\nWpj6az53GjhlZHggBV7AmIA4/7+jK2L+WKHXRDsmuzA2Fk2LiSuNqU/Xv+YmR/tq\nqZnnlP04ow8Un61EFXb9N8AgBnCYSuZoihl8gtEYatcXjzINFJqkQZ65EzOE5eQT\naNAI5eNuh5JkOZdPIcY4mxOfV32mEBFSmnmG8V3w6KSlOTAYEPQgkw1moSUHoC/5\nniQ+H9QYWx9dvc9qceygML7jzv+pcufSb7Rvu3RclBUIpWAxzPMUFj+Yirgd+ZOZ\n+qxPzIfA0oWUsgM1U3ltDihPn4kqwz4Hlhu3xm3O/rwkTKn29dgfJdOM5Nwlktkd\n50BMDsqwgQSliDOl2fuWh7nMtgy+2riiGgqGJUz9K7tEuvAYcIYpK8frTTp/ROsG\nYXAPeVIUFazS5u1Ic0j0z/e66G2zdKDg5tDcTarAKfENJvUs+zMSZG6NRPXSAp2p\n0f1OC5eagb81sCzeaPCSkMbZRx+Em0McPayvw+HVZCBt+ZSOtVMIUwXyezUCAwEA\nAQKCAgBI/5vM+PPU1moSgw/nnzKSdP4fkKPFcq9rHZKgR0lBAGvD6vbPH/om9elm\n5bYuIm4+ZmMDoojPwO1q7bSijgJrIcDnTyiYQd+5epr7yyyuk0+YCYNrr9OD1cco\nHOzQUBwdTaM780R11L2Yy0c3GRqOCvnV7lotTD5qNuURFoBF4fUr9s+4JCxSNVhM\n4bI2+dcyYKFQwl0hTUgtVGBGdzl/JfZxz59i2RR0NuP50usMxvnsk3Vppp+6eHrT\nN2mlg0haXXs7fUu/UHBfssVJJ0H8Z0j9jspxjjRBAtODwPmu0ci4v7dlSCiap5kQ\nUlQszwkPJagFHVHeLIw5gz+0oSkUkjahB2jfqjs6bVKL+rSIul9Z7do+JjVNoz+W\n1qk+VYKJ9gSIdt1jyywEECadQ9L92ETcfMxICL5zYEmyanIW5ehhlgibiwU3IDOT\n0K/64FxRrBLjG0O7lhtIvIF/JigscEC9YWRwQgBQ9md/6zxjM+bvOWQLaDoSPHsT\nt1sNCk4ZnXV2qbTYyatZto6Gek1PaDcJ4dlIpuqhdqZS9gi/heRCXjB4a7DC/ZMT\n+6pXslPHXe7dlw/a6ZaaHgzge8tRvmAtb332K9X3JzOz8XmpD0GlfEt6RnV1Y1tW\nhOtSYwSs/688GvO7VRYugsuhJhW4WO+ZOS+JXGCLwnylCF4/wQKCAQEA1FMBRkR0\nNcDQYPJtCtSbXApkbYtv9ap06ZjGlADxQR+4PcI99FUH2e5WcA4qxg0HOZcYeM2w\n+MxQBN0lEJvWW+xZWSryH5h1Y16WXledTj9LWt9xBScHx0R+LCMwKtC4k9C8MsN1\nb7onwZz/GKLFGcUTuVhps7HqhgcHwWdjLOpEn3rYroyO5Pqx0zOfgc2Z/7pVlb+s\nMm2MvKf3383E6zYD75QvpNeLcfbePecRwJ2ETpER6IQc479AboC0QeriJKeTEKg0\n+r7tiEMDRokegSSSNXF2g/zyg//sfXzs08zqg8ee02nYuNfmEjhNMZUovyf/zTyE\n1HLdKp0nVNMWrQKCAQEA8ClpngLl0O7arBGMTHNqvAGOwaPLIwHhRPTCwfoGchnf\nIbg2KRSUcuFiTTs57UDFNMCdS5mS0s8zDtyBplD1KjZdHei3ogv3/NqXr+gCDPJC\nGSzc9bjsaQod2SSWoi9QRZcxx6B6C3CYjWlgiPGEOY+No0O+m1v5sQv1LQAmSneU\n+xTW8AMjL0+lTiPK/4vH5Aiuh4u5fZ3W60uCLh/nRYvjm4JTQqWe+fM0a2v07iDS\nWhoeDV2HaiHeaKkTaBVom0lNL52yEi0L18JdHWIRmP6md/EsMVS5OaBRl70pbt1Z\n9+23SJmNIcg7lh/9repL2WkBECRcg3Y/8OdpzMHvqQKCAQEAnMnKuCPWmNcQSXbb\ndNL5Aqed75K3E3dTLCioAyULAmc0+04Tx/h+erzYUZj0lxmJy0o7RQHHfIILWPwg\n4bniOjE27XScJR7FGKMBcRtLyztMHwe/AuoGgWyfq2I0sHk+w9CxGN9jOiUCNKQF\ncCDKYbQ5U3XpYEuyflR0sqnw/3rjP81McuDSqF5DsE1/rS+xV7k2eAV5WCezdKCo\nlzjxACv8Dg+kexq8G2UMSjP21QC8cfQIgGYGm1tgbflWoxKa+ixQmk1MChmxeBzc\nL1sUDpN98D8gIGlKgJUdArGchO7eAoAHVeDkq+KqP6wZvNKDq10TNXBKOkOz9ELm\nh2n1ZQKCAQEAx1A3PVH+VPXGOYOewlwPOtS4G3DKR9VplYbkk4PjEZLzIdL18AYK\nZYUzxhDfNE3K3Mr2QCXGOnqHT1AlsVgC//N6ODZJII16VDk+JlkQSppLzQT0pGHC\nojIpL2s0MIm/vuGKCLjgUNozYTkRStXV/MdsrxCsAdfFU/AunBhBrw+rbu2OrEaO\nTtd0w3LlKExjqpah8hA980ipc0GJWqpTj95XGVqBqxA07g+vc293KKHIscp3InR6\ny9Qr9wRK/Ni3phihnGDtxjPoXjoKeTZIkIbWtThMiuxbhL3OuXXeCwpdfmuk7vWw\nsVayTRdju5B1Povsu+7RcLEUw+PqZGqXcQKCAQA3ATKKzQTz4CIYdkuYqDcP+Ifb\nI7HdLeLV6UG7f6PtmntPu29PxL5ZgWQufTlLjHFaF4EeiAQ/gkz6YG/u9+GggHtR\naWqTSFRkwotLGyW0jw40Vnup8CUNBUsgy1bc3LfKj1ZxeEGGZ+9lpP3n/S6ej1bD\nvDOvBorIQEAkp3MKHmAl6w/JQCoArxOh21Jl8kMMxt1i96/QI+Nv/7dp/GZ0uFoR\nIcg4GOtAEeZNM1TCuoljfhD2yEMjdxuZxv46CWvgZYVgaJRFlgczzqe79UxwIQh0\n/XwJqVxZq/6aCb4bgLHnWi8JQSdbFO24RCPHx2ohF9Az4l74KLJONWOI5Iao\n-----END RSA PRIVATE KEY-----\n",
            "private_key_pem_pkcs8": "-----BEGIN PRIVATE KEY-----\nMIIJQwIBADANBgkqhkiG9w0BAQEFAASCCS0wggkpAgEAAoICAQDHMCoWLZXF/4T3\nVf+lF+CjdO6MCrG5QKosm0BgdcX6LUlFda3zUxZZvygQXL3vl5d39Zy5sMoc4dkz\nbe3MOh8XxUrbRVgkGGMIkrX9jNlI+B1IeC5xJPoiVa9a9kSR3PV2hZSI7TlKmikz\nk3PB146q+z60OAXsKHUO9Rljhq0Z1s4IA+BamPprPncaOGVkeCAFXsCYgDj/v6Mr\nYv5YoddEOya7MDYWTYuJK42pT9e/5iZH+2qpmeeU/TijDxSfrUQVdv03wCAGcJhK\n5miKGXyC0Rhq1xePMg0UmqRBnrkTM4Tl5BNo0Ajl426HkmQ5l08hxjibE59XfaYQ\nEVKaeYbxXfDopKU5MBgQ9CCTDWahJQegL/meJD4f1BhbH129z2px7KAwvuPO/6ly\n59JvtG+7dFyUFQilYDHM8xQWP5iKuB35k5n6rE/Mh8DShZSyAzVTeW0OKE+fiSrD\nPgeWG7fGbc7+vCRMqfb12B8l04zk3CWS2R3nQEwOyrCBBKWIM6XZ+5aHucy2DL7a\nuKIaCoYlTP0ru0S68Bhwhikrx+tNOn9E6wZhcA95UhQVrNLm7UhzSPTP97robbN0\noODm0NxNqsAp8Q0m9Sz7MxJkbo1E9dICnanR/U4Ll5qBvzWwLN5o8JKQxtlHH4Sb\nQxw9rK/D4dVkIG35lI61UwhTBfJ7NQIDAQABAoICAEj/m8z489TWahKDD+efMpJ0\n/h+Qo8Vyr2sdkqBHSUEAa8Pq9s8f+ib16Wblti4ibj5mYwOiiM/A7WrttKKOAmsh\nwOdPKJhB37l6mvvLLK6TT5gJg2uv04PVxygc7NBQHB1NozvzRHXUvZjLRzcZGo4K\n+dXuWi1MPmo25REWgEXh9Sv2z7gkLFI1WEzhsjb51zJgoVDCXSFNSC1UYEZ3OX8l\n9nHPn2LZFHQ24/nS6wzG+eyTdWmmn7p4etM3aaWDSFpdezt9S79QcF+yxUknQfxn\nSP2OynGONEEC04PA+a7RyLi/t2VIKJqnmRBSVCzPCQ8lqAUdUd4sjDmDP7ShKRSS\nNqEHaN+qOzptUov6tIi6X1nt2j4mNU2jP5bWqT5Vgon2BIh23WPLLAQQJp1D0v3Y\nRNx8zEgIvnNgSbJqchbl6GGWCJuLBTcgM5PQr/rgXFGsEuMbQ7uWG0i8gX8mKCxw\nQL1hZHBCAFD2Z3/rPGMz5u85ZAtoOhI8exO3Ww0KThmddXaptNjJq1m2joZ6TU9o\nNwnh2Uim6qF2plL2CL+F5EJeMHhrsML9kxP7qleyU8dd7t2XD9rplpoeDOB7y1G+\nYC1vffYr1fcnM7PxeakPQaV8S3pGdXVjW1aE61JjBKz/rzwa87tVFi6Cy6EmFbhY\n75k5L4lcYIvCfKUIXj/BAoIBAQDUUwFGRHQ1wNBg8m0K1JtcCmRti2/1qnTpmMaU\nAPFBH7g9wj30VQfZ7lZwDirGDQc5lxh4zbD4zFAE3SUQm9Zb7FlZKvIfmHVjXpZe\nV51OP0ta33EFJwfHRH4sIzAq0LiT0Lwyw3VvuifBnP8YosUZxRO5WGmzseqGBwfB\nZ2Ms6kSfetiujI7k+rHTM5+BzZn/ulWVv6wybYy8p/ffzcTrNgPvlC+k14tx9t49\n5xHAnYROkRHohBzjv0BugLRB6uIkp5MQqDT6vu2IQwNGiR6BJJI1cXaD/PKD/+x9\nfOzTzOqDx57Tadi41+YSOE0xlSi/J//NPITUct0qnSdU0xatAoIBAQDwKWmeAuXQ\n7tqsEYxMc2q8AY7Bo8sjAeFE9MLB+gZyGd8huDYpFJRy4WJNOzntQMU0wJ1LmZLS\nzzMO3IGmUPUqNl0d6LeiC/f82pev6AIM8kIZLNz1uOxpCh3ZJJaiL1BFlzHHoHoL\ncJiNaWCI8YQ5j42jQ76bW/mxC/UtACZKd5T7FNbwAyMvT6VOI8r/i8fkCK6Hi7l9\nndbrS4IuH+dFi+ObglNCpZ758zRra/TuINJaGh4NXYdqId5oqRNoFWibSU0vnbIS\nLQvXwl0dYhGY/qZ38SwxVLk5oFGXvSlu3Vn37bdImY0hyDuWH/2t6kvZaQEQJFyD\ndj/w52nMwe+pAoIBAQCcycq4I9aY1xBJdtt00vkCp53vkrcTd1MsKKgDJQsCZzT7\nThPH+H56vNhRmPSXGYnLSjtFAcd8ggtY/CDhueI6MTbtdJwlHsUYowFxG0vLO0wf\nB78C6gaBbJ+rYjSweT7D0LEY32M6JQI0pAVwIMphtDlTdelgS7J+VHSyqfD/euM/\nzUxy4NKoXkOwTX+tL7FXuTZ4BXlYJ7N0oKiXOPEAK/wOD6R7GrwbZQxKM/bVALxx\n9AiAZgabW2Bt+VajEpr6LFCaTUwKGbF4HNwvWxQOk33wPyAgaUqAlR0CsZyE7t4C\ngAdV4OSr4qo/rBm80oOrXRM1cEo6Q7P0QuaHafVlAoIBAQDHUDc9Uf5U9cY5g57C\nXA861LgbcMpH1WmVhuSTg+MRkvMh0vXwBgplhTPGEN80TcrcyvZAJcY6eodPUCWx\nWAL/83o4NkkgjXpUOT4mWRBKmkvNBPSkYcKiMikvazQwib++4YoIuOBQ2jNhORFK\n1dX8x2yvEKwB18VT8C6cGEGvD6tu7Y6sRo5O13TDcuUoTGOqlqHyED3zSKlzQYla\nqlOP3lcZWoGrEDTuD69zb3coocixyncidHrL1Cv3BEr82LemGKGcYO3GM+heOgp5\nNkiQhta1OEyK7FuEvc65dd4LCl1+a6Tu9bCxVrJNF2O7kHU+i+y77tFwsRTD4+pk\napdxAoIBADcBMorNBPPgIhh2S5ioNw/4h9sjsd0t4tXpQbt/o+2ae0+7b0/EvlmB\nZC59OUuMcVoXgR6IBD+CTPpgb+734aCAe1FpapNIVGTCi0sbJbSPDjRWe6nwJQ0F\nSyDLVtzct8qPVnF4QYZn72Wk/ef9Lp6PVsO8M68GishAQCSncwoeYCXrD8lAKgCv\nE6HbUmXyQwzG3WL3r9Aj42//t2n8ZnS4WhEhyDgY60AR5k0zVMK6iWN+EPbIQyN3\nG5nG/joJa+BlhWBolEWWBzPOp7v1THAhCHT9fAmpXFmr/poJvhuAsedaLwlBJ1sU\n7bhEI8fHaiEX0DPiXvgosk41Y4jkhqg=\n-----END PRIVATE KEY-----\n",
            "public_key_fingerprint_md5": "9f:3f:1a:75:69:0a:5b:19:d6:2f:f5:00:4a:16:ec:37",
            "public_key_fingerprint_sha256": "SHA256:5NOVBs/pnce5QYN8L3qTUIYqR3NzJzg2DH3tFJcsZtc",
            "public_key_openssh": "ssh-rsa AAAAB3NzaC1yc2EAAAADAQABAAACAQDHMCoWLZXF/4T3Vf+lF+CjdO6MCrG5QKosm0BgdcX6LUlFda3zUxZZvygQXL3vl5d39Zy5sMoc4dkzbe3MOh8XxUrbRVgkGGMIkrX9jNlI+B1IeC5xJPoiVa9a9kSR3PV2hZSI7TlKmikzk3PB146q+z60OAXsKHUO9Rljhq0Z1s4IA+BamPprPncaOGVkeCAFXsCYgDj/v6MrYv5YoddEOya7MDYWTYuJK42pT9e/5iZH+2qpmeeU/TijDxSfrUQVdv03wCAGcJhK5miKGXyC0Rhq1xePMg0UmqRBnrkTM4Tl5BNo0Ajl426HkmQ5l08hxjibE59XfaYQEVKaeYbxXfDopKU5MBgQ9CCTDWahJQegL/meJD4f1BhbH129z2px7KAwvuPO/6ly59JvtG+7dFyUFQilYDHM8xQWP5iKuB35k5n6rE/Mh8DShZSyAzVTeW0OKE+fiSrDPgeWG7fGbc7+vCRMqfb12B8l04zk3CWS2R3nQEwOyrCBBKWIM6XZ+5aHucy2DL7auKIaCoYlTP0ru0S68Bhwhikrx+tNOn9E6wZhcA95UhQVrNLm7UhzSPTP97robbN0oODm0NxNqsAp8Q0m9Sz7MxJkbo1E9dICnanR/U4Ll5qBvzWwLN5o8JKQxtlHH4SbQxw9rK/D4dVkIG35lI61UwhTBfJ7NQ==\n",
            "public_key_pem": "-----BEGIN PUBLIC KEY-----\nMIICIjANBgkqhkiG9w0BAQEFAAOCAg8AMIICCgKCAgEAxzAqFi2Vxf+E91X/pRfg\no3TujAqxuUCqLJtAYHXF+i1JRXWt81MWWb8oEFy975eXd/WcubDKHOHZM23tzDof\nF8VK20VYJBhjCJK1/YzZSPgdSHgucST6IlWvWvZEkdz1doWUiO05SpopM5NzwdeO\nqvs+tDgF7Ch1DvUZY4atGdbOCAPgWpj6az53GjhlZHggBV7AmIA4/7+jK2L+WKHX\nRDsmuzA2Fk2LiSuNqU/Xv+YmR/tqqZnnlP04ow8Un61EFXb9N8AgBnCYSuZoihl8\ngtEYatcXjzINFJqkQZ65EzOE5eQTaNAI5eNuh5JkOZdPIcY4mxOfV32mEBFSmnmG\n8V3w6KSlOTAYEPQgkw1moSUHoC/5niQ+H9QYWx9dvc9qceygML7jzv+pcufSb7Rv\nu3RclBUIpWAxzPMUFj+Yirgd+ZOZ+qxPzIfA0oWUsgM1U3ltDihPn4kqwz4Hlhu3\nxm3O/rwkTKn29dgfJdOM5Nwlktkd50BMDsqwgQSliDOl2fuWh7nMtgy+2riiGgqG\nJUz9K7tEuvAYcIYpK8frTTp/ROsGYXAPeVIUFazS5u1Ic0j0z/e66G2zdKDg5tDc\nTarAKfENJvUs+zMSZG6NRPXSAp2p0f1OC5eagb81sCzeaPCSkMbZRx+Em0McPayv\nw+HVZCBt+ZSOtVMIUwXyezUCAwEAAQ==\n-----END PUBLIC KEY-----\n",
            "rsa_bits": 4096
          },
          "sensitive_attributes": []
        }
      ]
    }
  ],
  "check_results": null
}
